
Microsoft Visual Studio Solution File, Format Version 12.00
# Visual Studio 14
VisualStudioVersion = 14.0.25420.1
MinimumVisualStudioVersion = 10.0.40219.1
Project("{FAE04EC0-301F-11D3-BF4B-00C04F79EFBC}") = "LineageIIServerEmulator", "LineageIIServerEmulator\LineageIIServerEmulator.csproj", "{2AC92FD1-B628-499D-9068-1CC2CA550B50}"
EndProject
Project("{FAE04EC0-301F-11D3-BF4B-00C04F79EFBC}") = "TestOutPut", "TestOutPut\TestOutPut.csproj", "{F8C5C0CD-E127-4C2A-B736-8F04A9CC4ACB}"
EndProject
Global
	GlobalSection(SolutionConfigurationPlatforms) = preSolution
		Debug|Any CPU = Debug|Any CPU
		Release|Any CPU = Release|Any CPU
	EndGlobalSection
	GlobalSection(ProjectConfigurationPlatforms) = postSolution
		{2AC92FD1-B628-499D-9068-1CC2CA550B50}.Debug|Any CPU.ActiveCfg = Debug|Any CPU
		{2AC92FD1-B628-499D-9068-1CC2CA550B50}.Debug|Any CPU.Build.0 = Debug|Any CPU
		{2AC92FD1-B628-499D-9068-1CC2CA550B50}.Release|Any CPU.ActiveCfg = Release|Any CPU
		{2AC92FD1-B628-499D-9068-1CC2CA550B50}.Release|Any CPU.Build.0 = Release|Any CPU
		{F8C5C0CD-E127-4C2A-B736-8F04A9CC4ACB}.Debug|Any CPU.ActiveCfg = Debug|Any CPU
		{F8C5C0CD-E127-4C2A-B736-8F04A9CC4ACB}.Debug|Any CPU.Build.0 = Debug|Any CPU
		{F8C5C0CD-E127-4C2A-B736-8F04A9CC4ACB}.Release|Any CPU.ActiveCfg = Release|Any CPU
		{F8C5C0CD-E127-4C2A-B736-8F04A9CC4ACB}.Release|Any CPU.Build.0 = Release|Any CPU
	EndGlobalSection
	GlobalSection(SolutionProperties) = preSolution
		HideSolutionNode = FALSE
	EndGlobalSection
EndGlobal
